
Microsoft Visual Studio Solution File, Format Version 12.00
# Visual Studio 15
VisualStudioVersion = 15.0.27703.2000
MinimumVisualStudioVersion = 10.0.40219.1
Project("{9A19103F-16F7-4668-BE54-9A1E7A4F7556}") = "CoreApp.Core", "CoreApp.Core\CoreApp.Core.csproj", "{1272C637-5523-41C7-8CA9-D87DC334FF8A}"
EndProject
Project("{9A19103F-16F7-4668-BE54-9A1E7A4F7556}") = "CoreApp.Infrastructure", "CoreApp.Infrastructure\CoreApp.Infrastructure.csproj", "{ABC3ADD5-82A1-40AB-B5C2-1B3B60203182}"
EndProject
Project("{9A19103F-16F7-4668-BE54-9A1E7A4F7556}") = "CoreApp.WebUI", "CoreApp.WebUI\CoreApp.WebUI.csproj", "{89834DB4-9CB7-4EE2-9C9A-6AA10BAA098A}"
EndProject
Project("{9A19103F-16F7-4668-BE54-9A1E7A4F7556}") = "CoreApp.Tests.Integration", "CoreApp.Tests.Integration\CoreApp.Tests.Integration.csproj", "{F2902142-EAEA-4218-9161-68F9281BAC17}"
EndProject
Project("{9A19103F-16F7-4668-BE54-9A1E7A4F7556}") = "CoreApp.Tests.Common", "CoreApp.Tests.Common\CoreApp.Tests.Common.csproj", "{0707B516-10EF-4487-85C2-706D2FCDD463}"
EndProject
Project("{2150E333-8FDC-42A3-9474-1A3956D46DE8}") = "Core", "Core", "{614926CB-1CE1-4E74-88E4-A65E4AEFDDE8}"
EndProject
Project("{2150E333-8FDC-42A3-9474-1A3956D46DE8}") = "Infrastructure", "Infrastructure", "{C60B4979-A76B-4CD8-8136-2BF5DCCD7C11}"
EndProject
Project("{2150E333-8FDC-42A3-9474-1A3956D46DE8}") = "Interface", "Interface", "{994AC9FD-2245-43BC-B695-3FB192D76A91}"
EndProject
Project("{2150E333-8FDC-42A3-9474-1A3956D46DE8}") = "Tests", "Tests", "{D5E68151-3EF6-4CFF-918C-35A5B9BA8BFF}"
EndProject
Global
	GlobalSection(SolutionConfigurationPlatforms) = preSolution
		Debug|Any CPU = Debug|Any CPU
		Release|Any CPU = Release|Any CPU
	EndGlobalSection
	GlobalSection(ProjectConfigurationPlatforms) = postSolution
		{1272C637-5523-41C7-8CA9-D87DC334FF8A}.Debug|Any CPU.ActiveCfg = Debug|Any CPU
		{1272C637-5523-41C7-8CA9-D87DC334FF8A}.Debug|Any CPU.Build.0 = Debug|Any CPU
		{1272C637-5523-41C7-8CA9-D87DC334FF8A}.Release|Any CPU.ActiveCfg = Release|Any CPU
		{1272C637-5523-41C7-8CA9-D87DC334FF8A}.Release|Any CPU.Build.0 = Release|Any CPU
		{ABC3ADD5-82A1-40AB-B5C2-1B3B60203182}.Debug|Any CPU.ActiveCfg = Debug|Any CPU
		{ABC3ADD5-82A1-40AB-B5C2-1B3B60203182}.Debug|Any CPU.Build.0 = Debug|Any CPU
		{ABC3ADD5-82A1-40AB-B5C2-1B3B60203182}.Release|Any CPU.ActiveCfg = Release|Any CPU
		{ABC3ADD5-82A1-40AB-B5C2-1B3B60203182}.Release|Any CPU.Build.0 = Release|Any CPU
		{89834DB4-9CB7-4EE2-9C9A-6AA10BAA098A}.Debug|Any CPU.ActiveCfg = Debug|Any CPU
		{89834DB4-9CB7-4EE2-9C9A-6AA10BAA098A}.Debug|Any CPU.Build.0 = Debug|Any CPU
		{89834DB4-9CB7-4EE2-9C9A-6AA10BAA098A}.Release|Any CPU.ActiveCfg = Release|Any CPU
		{89834DB4-9CB7-4EE2-9C9A-6AA10BAA098A}.Release|Any CPU.Build.0 = Release|Any CPU
		{F2902142-EAEA-4218-9161-68F9281BAC17}.Debug|Any CPU.ActiveCfg = Debug|Any CPU
		{F2902142-EAEA-4218-9161-68F9281BAC17}.Debug|Any CPU.Build.0 = Debug|Any CPU
		{F2902142-EAEA-4218-9161-68F9281BAC17}.Release|Any CPU.ActiveCfg = Release|Any CPU
		{F2902142-EAEA-4218-9161-68F9281BAC17}.Release|Any CPU.Build.0 = Release|Any CPU
		{0707B516-10EF-4487-85C2-706D2FCDD463}.Debug|Any CPU.ActiveCfg = Debug|Any CPU
		{0707B516-10EF-4487-85C2-706D2FCDD463}.Debug|Any CPU.Build.0 = Debug|Any CPU
		{0707B516-10EF-4487-85C2-706D2FCDD463}.Release|Any CPU.ActiveCfg = Release|Any CPU
		{0707B516-10EF-4487-85C2-706D2FCDD463}.Release|Any CPU.Build.0 = Release|Any CPU
	EndGlobalSection
	GlobalSection(SolutionProperties) = preSolution
		HideSolutionNode = FALSE
	EndGlobalSection
	GlobalSection(NestedProjects) = preSolution
		{1272C637-5523-41C7-8CA9-D87DC334FF8A} = {614926CB-1CE1-4E74-88E4-A65E4AEFDDE8}
		{ABC3ADD5-82A1-40AB-B5C2-1B3B60203182} = {C60B4979-A76B-4CD8-8136-2BF5DCCD7C11}
		{89834DB4-9CB7-4EE2-9C9A-6AA10BAA098A} = {994AC9FD-2245-43BC-B695-3FB192D76A91}
		{F2902142-EAEA-4218-9161-68F9281BAC17} = {D5E68151-3EF6-4CFF-918C-35A5B9BA8BFF}
		{0707B516-10EF-4487-85C2-706D2FCDD463} = {D5E68151-3EF6-4CFF-918C-35A5B9BA8BFF}
	EndGlobalSection
	GlobalSection(ExtensibilityGlobals) = postSolution
		SolutionGuid = {E41F3592-3907-40BE-995D-8F1A55A566B8}
	EndGlobalSection
EndGlobal
